
Microsoft Visual Studio Solution File, Format Version 12.00
# Visual Studio 15
VisualStudioVersion = 15.0.28307.902
MinimumVisualStudioVersion = 10.0.40219.1
Project("{FAE04EC0-301F-11D3-BF4B-00C04F79EFBC}") = "MonitorBackend", "MonitorBackend\MonitorBackend.csproj", "{B22F62C0-AF38-481E-8828-C4B1B7AC4653}"
EndProject
Global
	GlobalSection(SolutionConfigurationPlatforms) = preSolution
		Debug|Any CPU = Debug|Any CPU
		Release|Any CPU = Release|Any CPU
	EndGlobalSection
	GlobalSection(ProjectConfigurationPlatforms) = postSolution
		{B22F62C0-AF38-481E-8828-C4B1B7AC4653}.Debug|Any CPU.ActiveCfg = Debug|Any CPU
		{B22F62C0-AF38-481E-8828-C4B1B7AC4653}.Debug|Any CPU.Build.0 = Debug|Any CPU
		{B22F62C0-AF38-481E-8828-C4B1B7AC4653}.Release|Any CPU.ActiveCfg = Release|Any CPU
		{B22F62C0-AF38-481E-8828-C4B1B7AC4653}.Release|Any CPU.Build.0 = Release|Any CPU
	EndGlobalSection
	GlobalSection(SolutionProperties) = preSolution
		HideSolutionNode = FALSE
	EndGlobalSection
	GlobalSection(ExtensibilityGlobals) = postSolution
		SolutionGuid = {DFD65793-6717-440D-BB7B-5CFBA10F98E0}
	EndGlobalSection
EndGlobal
